
Microsoft Visual Studio Solution File, Format Version 12.00
# Visual Studio Version 17
VisualStudioVersion = 17.6.33801.468
MinimumVisualStudioVersion = 10.0.40219.1
Project("{FAE04EC0-301F-11D3-BF4B-00C04F79EFBC}") = "NgCustomer.Api", "NgCustomer.Api\NgCustomer.Api.csproj", "{BC27A34D-70B8-42E0-B8E1-C7A3625B0C6C}"
EndProject
Global
	GlobalSection(SolutionConfigurationPlatforms) = preSolution
		Debug|Any CPU = Debug|Any CPU
		Release|Any CPU = Release|Any CPU
	EndGlobalSection
	GlobalSection(ProjectConfigurationPlatforms) = postSolution
		{BC27A34D-70B8-42E0-B8E1-C7A3625B0C6C}.Debug|Any CPU.ActiveCfg = Debug|Any CPU
		{BC27A34D-70B8-42E0-B8E1-C7A3625B0C6C}.Debug|Any CPU.Build.0 = Debug|Any CPU
		{BC27A34D-70B8-42E0-B8E1-C7A3625B0C6C}.Release|Any CPU.ActiveCfg = Release|Any CPU
		{BC27A34D-70B8-42E0-B8E1-C7A3625B0C6C}.Release|Any CPU.Build.0 = Release|Any CPU
	EndGlobalSection
	GlobalSection(SolutionProperties) = preSolution
		HideSolutionNode = FALSE
	EndGlobalSection
	GlobalSection(ExtensibilityGlobals) = postSolution
		SolutionGuid = {9C27822D-7891-4588-8950-DD45C105E032}
	EndGlobalSection
EndGlobal
